# This file is automatically @generated by Poetry 1.8.3 and should not be changed by hand.

[[package]]
name = "hello-world"
version = "0.0.1+example.poetry.fb21a3b"
description = "Example project for PyOCI with poetry"
optional = false
python-versions = ">=3.8,<4.0"
files = [
    {file = "hello_world-0.0.1+example.poetry.fb21a3b-py3-none-any.whl", hash = "sha256:bf83301ac742faa6ad50f3885322fe8a2f2842ea8fb3c611c418df4a4b763618"},
    {file = "hello_world-0.0.1+example.poetry.fb21a3b.tar.gz", hash = "sha256:14e26a24cab771be088b5f4f0c13d0973ec4171fa3789593210279776daa35b7"},
]

[package.source]
type = "legacy"
url = "https://pyoci.allexveldman.nl/ghcr.io/allexveldman"
reference = "pyoci"

[metadata]
lock-version = "2.0"
python-versions = "^3.11"
content-hash = "4e074d63fb7fedd7f92b1716cc0258cc6245f0cc6320955c132bec3b5904488a"
